
Microsoft Visual Studio Solution File, Format Version 12.00
# Visual Studio Version 16
VisualStudioVersion = 16.0.30523.141
MinimumVisualStudioVersion = 10.0.40219.1
Project("{9A19103F-16F7-4668-BE54-9A1E7A4F7556}") = "MutantDetector.Api", "MutantDetector.Api\MutantDetector.Api.csproj", "{A97A1B23-96F0-47EB-BF4E-E91CF506EDA1}"
	ProjectSection(ProjectDependencies) = postProject
		{D3678A24-41C8-407C-A179-3964A489C4C2} = {D3678A24-41C8-407C-A179-3964A489C4C2}
		{D930766E-0CDE-4F78-886B-74D2D3706D57} = {D930766E-0CDE-4F78-886B-74D2D3706D57}
	EndProjectSection
EndProject
Project("{9A19103F-16F7-4668-BE54-9A1E7A4F7556}") = "MutantDetector.Domain", "MutantDetector.Domain\MutantDetector.Domain.csproj", "{D930766E-0CDE-4F78-886B-74D2D3706D57}"
EndProject
Project("{9A19103F-16F7-4668-BE54-9A1E7A4F7556}") = "MutantDetector.Infraestructure", "MutantDetector.Infraestructure\MutantDetector.Infraestructure.csproj", "{D3678A24-41C8-407C-A179-3964A489C4C2}"
EndProject
Project("{2150E333-8FDC-42A3-9474-1A3956D46DE8}") = "Solution Items", "Solution Items", "{8306C185-D1EE-4623-BF1E-AA9ED211BCBA}"
	ProjectSection(SolutionItems) = preProject
		.editorconfig = .editorconfig
	EndProjectSection
EndProject
Project("{2150E333-8FDC-42A3-9474-1A3956D46DE8}") = "Tests", "Tests", "{51A091BE-BBDE-42DF-AE6F-76BC5B26CAB2}"
EndProject
Project("{FAE04EC0-301F-11D3-BF4B-00C04F79EFBC}") = "MutantDetector.Api.Test", "Tests\MutantDetector.Api.Test\MutantDetector.Api.Test.csproj", "{F87AC31D-3D73-4DCA-9EF2-4E7B680EDFDE}"
EndProject
Global
	GlobalSection(SolutionConfigurationPlatforms) = preSolution
		Debug|Any CPU = Debug|Any CPU
		Release|Any CPU = Release|Any CPU
	EndGlobalSection
	GlobalSection(ProjectConfigurationPlatforms) = postSolution
		{A97A1B23-96F0-47EB-BF4E-E91CF506EDA1}.Debug|Any CPU.ActiveCfg = Debug|Any CPU
		{A97A1B23-96F0-47EB-BF4E-E91CF506EDA1}.Debug|Any CPU.Build.0 = Debug|Any CPU
		{A97A1B23-96F0-47EB-BF4E-E91CF506EDA1}.Release|Any CPU.ActiveCfg = Release|Any CPU
		{A97A1B23-96F0-47EB-BF4E-E91CF506EDA1}.Release|Any CPU.Build.0 = Release|Any CPU
		{D930766E-0CDE-4F78-886B-74D2D3706D57}.Debug|Any CPU.ActiveCfg = Debug|Any CPU
		{D930766E-0CDE-4F78-886B-74D2D3706D57}.Debug|Any CPU.Build.0 = Debug|Any CPU
		{D930766E-0CDE-4F78-886B-74D2D3706D57}.Release|Any CPU.ActiveCfg = Release|Any CPU
		{D930766E-0CDE-4F78-886B-74D2D3706D57}.Release|Any CPU.Build.0 = Release|Any CPU
		{D3678A24-41C8-407C-A179-3964A489C4C2}.Debug|Any CPU.ActiveCfg = Debug|Any CPU
		{D3678A24-41C8-407C-A179-3964A489C4C2}.Debug|Any CPU.Build.0 = Debug|Any CPU
		{D3678A24-41C8-407C-A179-3964A489C4C2}.Release|Any CPU.ActiveCfg = Release|Any CPU
		{D3678A24-41C8-407C-A179-3964A489C4C2}.Release|Any CPU.Build.0 = Release|Any CPU
		{F87AC31D-3D73-4DCA-9EF2-4E7B680EDFDE}.Debug|Any CPU.ActiveCfg = Debug|Any CPU
		{F87AC31D-3D73-4DCA-9EF2-4E7B680EDFDE}.Debug|Any CPU.Build.0 = Debug|Any CPU
		{F87AC31D-3D73-4DCA-9EF2-4E7B680EDFDE}.Release|Any CPU.ActiveCfg = Release|Any CPU
		{F87AC31D-3D73-4DCA-9EF2-4E7B680EDFDE}.Release|Any CPU.Build.0 = Release|Any CPU
	EndGlobalSection
	GlobalSection(SolutionProperties) = preSolution
		HideSolutionNode = FALSE
	EndGlobalSection
	GlobalSection(NestedProjects) = preSolution
		{F87AC31D-3D73-4DCA-9EF2-4E7B680EDFDE} = {51A091BE-BBDE-42DF-AE6F-76BC5B26CAB2}
	EndGlobalSection
	GlobalSection(ExtensibilityGlobals) = postSolution
		SolutionGuid = {C56C54E4-370A-48FE-B277-FFC450B2B6DE}
	EndGlobalSection
EndGlobal
