
Microsoft Visual Studio Solution File, Format Version 12.00
# Visual Studio Version 16
VisualStudioVersion = 16.0.30523.141
MinimumVisualStudioVersion = 10.0.40219.1
Project("{FAE04EC0-301F-11D3-BF4B-00C04F79EFBC}") = "MutantDetector", "MutantDetector.csproj", "{A97A1B23-96F0-47EB-BF4E-E91CF506EDA1}"
EndProject
Global
	GlobalSection(SolutionConfigurationPlatforms) = preSolution
		Debug|Any CPU = Debug|Any CPU
		Release|Any CPU = Release|Any CPU
	EndGlobalSection
	GlobalSection(ProjectConfigurationPlatforms) = postSolution
		{A97A1B23-96F0-47EB-BF4E-E91CF506EDA1}.Debug|Any CPU.ActiveCfg = Debug|Any CPU
		{A97A1B23-96F0-47EB-BF4E-E91CF506EDA1}.Debug|Any CPU.Build.0 = Debug|Any CPU
		{A97A1B23-96F0-47EB-BF4E-E91CF506EDA1}.Release|Any CPU.ActiveCfg = Release|Any CPU
		{A97A1B23-96F0-47EB-BF4E-E91CF506EDA1}.Release|Any CPU.Build.0 = Release|Any CPU
	EndGlobalSection
	GlobalSection(SolutionProperties) = preSolution
		HideSolutionNode = FALSE
	EndGlobalSection
	GlobalSection(ExtensibilityGlobals) = postSolution
		SolutionGuid = {C56C54E4-370A-48FE-B277-FFC450B2B6DE}
	EndGlobalSection
EndGlobal
